
Microsoft Visual Studio Solution File, Format Version 12.00
# Visual Studio Version 16
VisualStudioVersion = 16.0.30309.148
MinimumVisualStudioVersion = 10.0.40219.1
Project("{9A19103F-16F7-4668-BE54-9A1E7A4F7556}") = "connect-sdk-dotnet", "connect-sdk-dotnet.csproj", "{06BC16A4-AC87-49B7-9E50-FCF42E7372D7}"
EndProject
Global
	GlobalSection(SolutionConfigurationPlatforms) = preSolution
		Debug|Any CPU = Debug|Any CPU
		Release|Any CPU = Release|Any CPU
	EndGlobalSection
	GlobalSection(ProjectConfigurationPlatforms) = postSolution
		{06BC16A4-AC87-49B7-9E50-FCF42E7372D7}.Debug|Any CPU.ActiveCfg = Debug|Any CPU
		{06BC16A4-AC87-49B7-9E50-FCF42E7372D7}.Debug|Any CPU.Build.0 = Debug|Any CPU
		{06BC16A4-AC87-49B7-9E50-FCF42E7372D7}.Release|Any CPU.ActiveCfg = Release|Any CPU
		{06BC16A4-AC87-49B7-9E50-FCF42E7372D7}.Release|Any CPU.Build.0 = Release|Any CPU
	EndGlobalSection
	GlobalSection(SolutionProperties) = preSolution
		HideSolutionNode = FALSE
	EndGlobalSection
	GlobalSection(ExtensibilityGlobals) = postSolution
		SolutionGuid = {96FCE873-4C4A-490D-BC0D-115FB6B059FB}
	EndGlobalSection
EndGlobal
